{
  "nodes": {
    "nixpkgs": {
      "locked": {
        "lastModified": 1715479142,
        "narHash": "sha256-t1hH6eW29RNPxnblXfajmnL4KUyHgAFD9kJ8hogbSeA=",
        "owner": "NixOS",
        "repo": "nixpkgs",
        "rev": "e1fce3f66f22935585607eedcc26f9eb8d8ab166",
        "type": "github"
      },
      "original": {
        "owner": "NixOS",
        "ref": "nixos-unstable-small",
        "repo": "nixpkgs",
        "type": "github"
      }
    },
    "root": {
      "inputs": {
        "nixpkgs": "nixpkgs"
      }
    }
  },
  "root": "root",
  "version": 7
}
